
Microsoft Visual Studio Solution File, Format Version 12.00
# Visual Studio Version 17
VisualStudioVersion = 17.13.35931.197 d17.13
MinimumVisualStudioVersion = 10.0.40219.1
Project("{FAE04EC0-301F-11D3-BF4B-00C04F79EFBC}") = "BoardPaySystem", "BoardPaySystem\BoardPaySystem.csproj", "{FE84EB79-33EB-4246-AB6C-713179B92B81}"
EndProject
Global
	GlobalSection(SolutionConfigurationPlatforms) = preSolution
		Debug|Any CPU = Debug|Any CPU
		Release|Any CPU = Release|Any CPU
	EndGlobalSection
	GlobalSection(ProjectConfigurationPlatforms) = postSolution
		{FE84EB79-33EB-4246-AB6C-713179B92B81}.Debug|Any CPU.ActiveCfg = Debug|Any CPU
		{FE84EB79-33EB-4246-AB6C-713179B92B81}.Debug|Any CPU.Build.0 = Debug|Any CPU
		{FE84EB79-33EB-4246-AB6C-713179B92B81}.Release|Any CPU.ActiveCfg = Release|Any CPU
		{FE84EB79-33EB-4246-AB6C-713179B92B81}.Release|Any CPU.Build.0 = Release|Any CPU
	EndGlobalSection
	GlobalSection(SolutionProperties) = preSolution
		HideSolutionNode = FALSE
	EndGlobalSection
	GlobalSection(ExtensibilityGlobals) = postSolution
		SolutionGuid = {428B18EC-6D12-4775-8658-8CD4AC7B3157}
	EndGlobalSection
EndGlobal
